
Microsoft Visual Studio Solution File, Format Version 12.00
# Visual Studio Version 17
VisualStudioVersion = 17.8.34330.188
MinimumVisualStudioVersion = 10.0.40219.1
Project("{FAE04EC0-301F-11D3-BF4B-00C04F79EFBC}") = "IntegrationWithBitwardenSecretManagerSDK_YT", "IntegrationWithBitwardenSecretManagerSDK_YT\IntegrationWithBitwardenSecretManagerSDK_YT.csproj", "{15EA1F51-585A-45BB-A9B0-9142A93A3728}"
EndProject
Project("{FAE04EC0-301F-11D3-BF4B-00C04F79EFBC}") = "IntegrationWithBitwardenSecretManagerSDK_YT.Core", "IntegrationWithBitwardenSecretManagerSDK_YT.Core\IntegrationWithBitwardenSecretManagerSDK_YT.Core.csproj", "{A6D1EBE1-5B1C-4B92-AEBA-2FA64C62CC8B}"
EndProject
Project("{FAE04EC0-301F-11D3-BF4B-00C04F79EFBC}") = "IntegrationWithBitwardenSecretManagerSDK_YT.SDK", "IntegrationWithBitwardenSecretManagerSDK_YT.SDK\IntegrationWithBitwardenSecretManagerSDK_YT.SDK.csproj", "{2D3C8D13-9EBE-4258-92DC-AE25440E1C0C}"
EndProject
Global
	GlobalSection(SolutionConfigurationPlatforms) = preSolution
		Debug|Any CPU = Debug|Any CPU
		Release|Any CPU = Release|Any CPU
	EndGlobalSection
	GlobalSection(ProjectConfigurationPlatforms) = postSolution
		{15EA1F51-585A-45BB-A9B0-9142A93A3728}.Debug|Any CPU.ActiveCfg = Debug|Any CPU
		{15EA1F51-585A-45BB-A9B0-9142A93A3728}.Debug|Any CPU.Build.0 = Debug|Any CPU
		{15EA1F51-585A-45BB-A9B0-9142A93A3728}.Release|Any CPU.ActiveCfg = Release|Any CPU
		{15EA1F51-585A-45BB-A9B0-9142A93A3728}.Release|Any CPU.Build.0 = Release|Any CPU
		{A6D1EBE1-5B1C-4B92-AEBA-2FA64C62CC8B}.Debug|Any CPU.ActiveCfg = Debug|Any CPU
		{A6D1EBE1-5B1C-4B92-AEBA-2FA64C62CC8B}.Debug|Any CPU.Build.0 = Debug|Any CPU
		{A6D1EBE1-5B1C-4B92-AEBA-2FA64C62CC8B}.Release|Any CPU.ActiveCfg = Release|Any CPU
		{A6D1EBE1-5B1C-4B92-AEBA-2FA64C62CC8B}.Release|Any CPU.Build.0 = Release|Any CPU
		{2D3C8D13-9EBE-4258-92DC-AE25440E1C0C}.Debug|Any CPU.ActiveCfg = Debug|Any CPU
		{2D3C8D13-9EBE-4258-92DC-AE25440E1C0C}.Debug|Any CPU.Build.0 = Debug|Any CPU
		{2D3C8D13-9EBE-4258-92DC-AE25440E1C0C}.Release|Any CPU.ActiveCfg = Release|Any CPU
		{2D3C8D13-9EBE-4258-92DC-AE25440E1C0C}.Release|Any CPU.Build.0 = Release|Any CPU
	EndGlobalSection
	GlobalSection(SolutionProperties) = preSolution
		HideSolutionNode = FALSE
	EndGlobalSection
	GlobalSection(ExtensibilityGlobals) = postSolution
		SolutionGuid = {A5D29D68-09EB-4209-87FD-8EEB6D7FB3C2}
	EndGlobalSection
EndGlobal
